
Microsoft Visual Studio Solution File, Format Version 12.00
# Visual Studio 15
VisualStudioVersion = 15.0.28307.421
MinimumVisualStudioVersion = 10.0.40219.1
Project("{9A19103F-16F7-4668-BE54-9A1E7A4F7556}") = "snake-game", "snake-game.csproj", "{A5B447BA-CCD7-46A4-8B20-F21185754F93}"
EndProject
Global
	GlobalSection(SolutionConfigurationPlatforms) = preSolution
		Debug|Any CPU = Debug|Any CPU
		Release|Any CPU = Release|Any CPU
	EndGlobalSection
	GlobalSection(ProjectConfigurationPlatforms) = postSolution
		{A5B447BA-CCD7-46A4-8B20-F21185754F93}.Debug|Any CPU.ActiveCfg = Debug|Any CPU
		{A5B447BA-CCD7-46A4-8B20-F21185754F93}.Debug|Any CPU.Build.0 = Debug|Any CPU
		{A5B447BA-CCD7-46A4-8B20-F21185754F93}.Release|Any CPU.ActiveCfg = Release|Any CPU
		{A5B447BA-CCD7-46A4-8B20-F21185754F93}.Release|Any CPU.Build.0 = Release|Any CPU
	EndGlobalSection
	GlobalSection(SolutionProperties) = preSolution
		HideSolutionNode = FALSE
	EndGlobalSection
	GlobalSection(ExtensibilityGlobals) = postSolution
		SolutionGuid = {9387259C-D7C9-403D-86DC-592260EAB355}
	EndGlobalSection
EndGlobal
